// !$*UTF8*$!
{
	archiveVersion = 1;
	classes = {
	};
	objectVersion = 56;
	objects = {

/* Begin PBXBuildFile section */
		910FEBBD2A719D4800A58D87 /* CircleGun.swift in Sources */ = {isa = PBXBuildFile; fileRef = 910FEBBC2A719D4800A58D87 /* CircleGun.swift */; };
		911C5F242A518FA200515D7F /* PackmanView.swift in Sources */ = {isa = PBXBuildFile; fileRef = 911C5F232A518FA200515D7F /* PackmanView.swift */; };
		91387A012A52D30200BA266F /* RingAnimationView.swift in Sources */ = {isa = PBXBuildFile; fileRef = 91387A002A52D30200BA266F /* RingAnimationView.swift */; };
		914220592A5034F100B27C40 /* VoiceRecordingView.swift in Sources */ = {isa = PBXBuildFile; fileRef = 914220582A5034F100B27C40 /* VoiceRecordingView.swift */; };
		914FAC602A5887C400615134 /* CircleLoaderView.swift in Sources */ = {isa = PBXBuildFile; fileRef = 914FAC5F2A5887C400615134 /* CircleLoaderView.swift */; };
		915436BA2A573A590010097F /* PinView.swift in Sources */ = {isa = PBXBuildFile; fileRef = 915436B92A573A590010097F /* PinView.swift */; };
		91559AB62A5DE7F800200EAA /* LocationView.swift in Sources */ = {isa = PBXBuildFile; fileRef = 91559AB52A5DE7F800200EAA /* LocationView.swift */; };
		916E56F62A54837D00BD3B0D /* XYZRotationView.swift in Sources */ = {isa = PBXBuildFile; fileRef = 916E56F52A54837D00BD3B0D /* XYZRotationView.swift */; };
		919A22332A5C71D200719768 /* SkypeView.swift in Sources */ = {isa = PBXBuildFile; fileRef = 919A22322A5C71D200719768 /* SkypeView.swift */; };
		91A5EAFB2A5B2186001E0070 /* SilentModeView.swift in Sources */ = {isa = PBXBuildFile; fileRef = 91A5EAFA2A5B2186001E0070 /* SilentModeView.swift */; };
		91C8F0122A6850FE0016F8A5 /* SunView.swift in Sources */ = {isa = PBXBuildFile; fileRef = 91C8F0112A6850FE0016F8A5 /* SunView.swift */; };
		91C8F0152A685A8C0016F8A5 /* MenuCrossView.swift in Sources */ = {isa = PBXBuildFile; fileRef = 91C8F0142A685A8C0016F8A5 /* MenuCrossView.swift */; };
		91C8F0182A686BA50016F8A5 /* VerticalWaveLoader.swift in Sources */ = {isa = PBXBuildFile; fileRef = 91C8F0172A686BA50016F8A5 /* VerticalWaveLoader.swift */; };
		91DC21A02A459C3A00B40316 /* animation_connectApp.swift in Sources */ = {isa = PBXBuildFile; fileRef = 91DC219F2A459C3A00B40316 /* animation_connectApp.swift */; };
		91DC21A22A459C3A00B40316 /* ContentView.swift in Sources */ = {isa = PBXBuildFile; fileRef = 91DC21A12A459C3A00B40316 /* ContentView.swift */; };
		91DC21A42A459C3B00B40316 /* Assets.xcassets in Resources */ = {isa = PBXBuildFile; fileRef = 91DC21A32A459C3B00B40316 /* Assets.xcassets */; };
		91DC21A72A459C3B00B40316 /* Preview Assets.xcassets in Resources */ = {isa = PBXBuildFile; fileRef = 91DC21A62A459C3B00B40316 /* Preview Assets.xcassets */; };
		91DC21AE2A45B33E00B40316 /* ConfettiView.swift in Sources */ = {isa = PBXBuildFile; fileRef = 91DC21AD2A45B33E00B40316 /* ConfettiView.swift */; };
		91DC21B12A45FD2300B40316 /* ConfeetiAnimation.swift in Sources */ = {isa = PBXBuildFile; fileRef = 91DC21B02A45FD2300B40316 /* ConfeetiAnimation.swift */; };
		91F048102A55D8C4002416E6 /* SyncSpinner.swift in Sources */ = {isa = PBXBuildFile; fileRef = 91F0480F2A55D8C4002416E6 /* SyncSpinner.swift */; };
/* End PBXBuildFile section */

/* Begin PBXFileReference section */
		910FEBBC2A719D4800A58D87 /* CircleGun.swift */ = {isa = PBXFileReference; lastKnownFileType = sourcecode.swift; path = CircleGun.swift; sourceTree = "<group>"; };
		911C5F232A518FA200515D7F /* PackmanView.swift */ = {isa = PBXFileReference; lastKnownFileType = sourcecode.swift; path = PackmanView.swift; sourceTree = "<group>"; };
		91387A002A52D30200BA266F /* RingAnimationView.swift */ = {isa = PBXFileReference; lastKnownFileType = sourcecode.swift; path = RingAnimationView.swift; sourceTree = "<group>"; };
		914220582A5034F100B27C40 /* VoiceRecordingView.swift */ = {isa = PBXFileReference; lastKnownFileType = sourcecode.swift; path = VoiceRecordingView.swift; sourceTree = "<group>"; };
		914FAC5F2A5887C400615134 /* CircleLoaderView.swift */ = {isa = PBXFileReference; lastKnownFileType = sourcecode.swift; path = CircleLoaderView.swift; sourceTree = "<group>"; };
		915436B92A573A590010097F /* PinView.swift */ = {isa = PBXFileReference; lastKnownFileType = sourcecode.swift; path = PinView.swift; sourceTree = "<group>"; };
		91559AB52A5DE7F800200EAA /* LocationView.swift */ = {isa = PBXFileReference; lastKnownFileType = sourcecode.swift; path = LocationView.swift; sourceTree = "<group>"; };
		916E56F52A54837D00BD3B0D /* XYZRotationView.swift */ = {isa = PBXFileReference; lastKnownFileType = sourcecode.swift; path = XYZRotationView.swift; sourceTree = "<group>"; };
		919A22322A5C71D200719768 /* SkypeView.swift */ = {isa = PBXFileReference; lastKnownFileType = sourcecode.swift; path = SkypeView.swift; sourceTree = "<group>"; };
		91A5EAFA2A5B2186001E0070 /* SilentModeView.swift */ = {isa = PBXFileReference; lastKnownFileType = sourcecode.swift; path = SilentModeView.swift; sourceTree = "<group>"; };
		91C8F0112A6850FE0016F8A5 /* SunView.swift */ = {isa = PBXFileReference; lastKnownFileType = sourcecode.swift; path = SunView.swift; sourceTree = "<group>"; };
		91C8F0142A685A8C0016F8A5 /* MenuCrossView.swift */ = {isa = PBXFileReference; lastKnownFileType = sourcecode.swift; path = MenuCrossView.swift; sourceTree = "<group>"; };
		91C8F0172A686BA50016F8A5 /* VerticalWaveLoader.swift */ = {isa = PBXFileReference; lastKnownFileType = sourcecode.swift; path = VerticalWaveLoader.swift; sourceTree = "<group>"; };
		91DC219C2A459C3A00B40316 /* animation.connect.app */ = {isa = PBXFileReference; explicitFileType = wrapper.application; includeInIndex = 0; path = animation.connect.app; sourceTree = BUILT_PRODUCTS_DIR; };
		91DC219F2A459C3A00B40316 /* animation_connectApp.swift */ = {isa = PBXFileReference; lastKnownFileType = sourcecode.swift; path = animation_connectApp.swift; sourceTree = "<group>"; };
		91DC21A12A459C3A00B40316 /* ContentView.swift */ = {isa = PBXFileReference; lastKnownFileType = sourcecode.swift; path = ContentView.swift; sourceTree = "<group>"; };
		91DC21A32A459C3B00B40316 /* Assets.xcassets */ = {isa = PBXFileReference; lastKnownFileType = folder.assetcatalog; path = Assets.xcassets; sourceTree = "<group>"; };
		91DC21A62A459C3B00B40316 /* Preview Assets.xcassets */ = {isa = PBXFileReference; lastKnownFileType = folder.assetcatalog; path = "Preview Assets.xcassets"; sourceTree = "<group>"; };
		91DC21AD2A45B33E00B40316 /* ConfettiView.swift */ = {isa = PBXFileReference; lastKnownFileType = sourcecode.swift; path = ConfettiView.swift; sourceTree = "<group>"; };
		91DC21B02A45FD2300B40316 /* ConfeetiAnimation.swift */ = {isa = PBXFileReference; lastKnownFileType = sourcecode.swift; path = ConfeetiAnimation.swift; sourceTree = "<group>"; };
		91F0480F2A55D8C4002416E6 /* SyncSpinner.swift */ = {isa = PBXFileReference; lastKnownFileType = sourcecode.swift; path = SyncSpinner.swift; sourceTree = "<group>"; };
/* End PBXFileReference section */

/* Begin PBXFrameworksBuildPhase section */
		91DC21992A459C3A00B40316 /* Frameworks */ = {
			isa = PBXFrameworksBuildPhase;
			buildActionMask = 2147483647;
			files = (
			);
			runOnlyForDeploymentPostprocessing = 0;
		};
/* End PBXFrameworksBuildPhase section */

/* Begin PBXGroup section */
		910FEBBB2A719D3200A58D87 /* CircleGun */ = {
			isa = PBXGroup;
			children = (
				910FEBBC2A719D4800A58D87 /* CircleGun.swift */,
			);
			path = CircleGun;
			sourceTree = "<group>";
		};
		911C5F222A518F8D00515D7F /* Packman */ = {
			isa = PBXGroup;
			children = (
				911C5F232A518FA200515D7F /* PackmanView.swift */,
			);
			path = Packman;
			sourceTree = "<group>";
		};
		913879FF2A52D2D200BA266F /* Rings */ = {
			isa = PBXGroup;
			children = (
				91387A002A52D30200BA266F /* RingAnimationView.swift */,
			);
			path = Rings;
			sourceTree = "<group>";
		};
		914220572A5034CF00B27C40 /* VoiceRecording */ = {
			isa = PBXGroup;
			children = (
				914220582A5034F100B27C40 /* VoiceRecordingView.swift */,
			);
			path = VoiceRecording;
			sourceTree = "<group>";
		};
		914FAC5E2A5887AD00615134 /* CircleLoader */ = {
			isa = PBXGroup;
			children = (
				914FAC5F2A5887C400615134 /* CircleLoaderView.swift */,
			);
			path = CircleLoader;
			sourceTree = "<group>";
		};
		915436B82A573A490010097F /* PinView */ = {
			isa = PBXGroup;
			children = (
				915436B92A573A590010097F /* PinView.swift */,
			);
			path = PinView;
			sourceTree = "<group>";
		};
		91559AB42A5DE7E500200EAA /* LocationView */ = {
			isa = PBXGroup;
			children = (
				91559AB52A5DE7F800200EAA /* LocationView.swift */,
			);
			path = LocationView;
			sourceTree = "<group>";
		};
		916E56F42A54836600BD3B0D /* XYZRotation */ = {
			isa = PBXGroup;
			children = (
				916E56F52A54837D00BD3B0D /* XYZRotationView.swift */,
			);
			path = XYZRotation;
			sourceTree = "<group>";
		};
		919A22312A5C71C400719768 /* SkypeView */ = {
			isa = PBXGroup;
			children = (
				919A22322A5C71D200719768 /* SkypeView.swift */,
			);
			path = SkypeView;
			sourceTree = "<group>";
		};
		91A5EAF92A5B216C001E0070 /* SilentView */ = {
			isa = PBXGroup;
			children = (
				91A5EAFA2A5B2186001E0070 /* SilentModeView.swift */,
			);
			path = SilentView;
			sourceTree = "<group>";
		};
		91C8F0102A6850DF0016F8A5 /* SunView */ = {
			isa = PBXGroup;
			children = (
				91C8F0112A6850FE0016F8A5 /* SunView.swift */,
			);
			path = SunView;
			sourceTree = "<group>";
		};
		91C8F0132A685A7C0016F8A5 /* MenuCross */ = {
			isa = PBXGroup;
			children = (
				91C8F0142A685A8C0016F8A5 /* MenuCrossView.swift */,
			);
			path = MenuCross;
			sourceTree = "<group>";
		};
		91C8F0162A686B810016F8A5 /* WaveLoader */ = {
			isa = PBXGroup;
			children = (
				91C8F0172A686BA50016F8A5 /* VerticalWaveLoader.swift */,
			);
			path = WaveLoader;
			sourceTree = "<group>";
		};
		91DC21932A459C3A00B40316 = {
			isa = PBXGroup;
			children = (
				91DC219E2A459C3A00B40316 /* animation.connect */,
				91DC219D2A459C3A00B40316 /* Products */,
			);
			sourceTree = "<group>";
		};
		91DC219D2A459C3A00B40316 /* Products */ = {
			isa = PBXGroup;
			children = (
				91DC219C2A459C3A00B40316 /* animation.connect.app */,
			);
			name = Products;
			sourceTree = "<group>";
		};
		91DC219E2A459C3A00B40316 /* animation.connect */ = {
			isa = PBXGroup;
			children = (
				910FEBBB2A719D3200A58D87 /* CircleGun */,
				91C8F0162A686B810016F8A5 /* WaveLoader */,
				91C8F0132A685A7C0016F8A5 /* MenuCross */,
				91C8F0102A6850DF0016F8A5 /* SunView */,
				91559AB42A5DE7E500200EAA /* LocationView */,
				919A22312A5C71C400719768 /* SkypeView */,
				91A5EAF92A5B216C001E0070 /* SilentView */,
				914FAC5E2A5887AD00615134 /* CircleLoader */,
				915436B82A573A490010097F /* PinView */,
				91F0480E2A55D8B0002416E6 /* SyncSpinner */,
				916E56F42A54836600BD3B0D /* XYZRotation */,
				913879FF2A52D2D200BA266F /* Rings */,
				911C5F222A518F8D00515D7F /* Packman */,
				914220572A5034CF00B27C40 /* VoiceRecording */,
				91DC21B22A45FDBF00B40316 /* App */,
				91DC21AF2A45FCE900B40316 /* Confetti */,
				91DC21A12A459C3A00B40316 /* ContentView.swift */,
				91DC21A32A459C3B00B40316 /* Assets.xcassets */,
				91DC21A52A459C3B00B40316 /* Preview Content */,
			);
			path = animation.connect;
			sourceTree = "<group>";
		};
		91DC21A52A459C3B00B40316 /* Preview Content */ = {
			isa = PBXGroup;
			children = (
				91DC21A62A459C3B00B40316 /* Preview Assets.xcassets */,
			);
			path = "Preview Content";
			sourceTree = "<group>";
		};
		91DC21AF2A45FCE900B40316 /* Confetti */ = {
			isa = PBXGroup;
			children = (
				91DC21AD2A45B33E00B40316 /* ConfettiView.swift */,
				91DC21B02A45FD2300B40316 /* ConfeetiAnimation.swift */,
			);
			path = Confetti;
			sourceTree = "<group>";
		};
		91DC21B22A45FDBF00B40316 /* App */ = {
			isa = PBXGroup;
			children = (
				91DC219F2A459C3A00B40316 /* animation_connectApp.swift */,
			);
			path = App;
			sourceTree = "<group>";
		};
		91F0480E2A55D8B0002416E6 /* SyncSpinner */ = {
			isa = PBXGroup;
			children = (
				91F0480F2A55D8C4002416E6 /* SyncSpinner.swift */,
			);
			path = SyncSpinner;
			sourceTree = "<group>";
		};
/* End PBXGroup section */

/* Begin PBXNativeTarget section */
		91DC219B2A459C3A00B40316 /* animation.connect */ = {
			isa = PBXNativeTarget;
			buildConfigurationList = 91DC21AA2A459C3B00B40316 /* Build configuration list for PBXNativeTarget "animation.connect" */;
			buildPhases = (
				91DC21982A459C3A00B40316 /* Sources */,
				91DC21992A459C3A00B40316 /* Frameworks */,
				91DC219A2A459C3A00B40316 /* Resources */,
			);
			buildRules = (
			);
			dependencies = (
			);
			name = animation.connect;
			productName = animation.connect;
			productReference = 91DC219C2A459C3A00B40316 /* animation.connect.app */;
			productType = "com.apple.product-type.application";
		};
/* End PBXNativeTarget section */

/* Begin PBXProject section */
		91DC21942A459C3A00B40316 /* Project object */ = {
			isa = PBXProject;
			attributes = {
				BuildIndependentTargetsInParallel = 1;
				LastSwiftUpdateCheck = 1500;
				LastUpgradeCheck = 1500;
				TargetAttributes = {
					91DC219B2A459C3A00B40316 = {
						CreatedOnToolsVersion = 15.0;
					};
				};
			};
			buildConfigurationList = 91DC21972A459C3A00B40316 /* Build configuration list for PBXProject "animation.connect" */;
			compatibilityVersion = "Xcode 14.0";
			developmentRegion = en;
			hasScannedForEncodings = 0;
			knownRegions = (
				en,
				Base,
			);
			mainGroup = 91DC21932A459C3A00B40316;
			productRefGroup = 91DC219D2A459C3A00B40316 /* Products */;
			projectDirPath = "";
			projectRoot = "";
			targets = (
				91DC219B2A459C3A00B40316 /* animation.connect */,
			);
		};
/* End PBXProject section */

/* Begin PBXResourcesBuildPhase section */
		91DC219A2A459C3A00B40316 /* Resources */ = {
			isa = PBXResourcesBuildPhase;
			buildActionMask = 2147483647;
			files = (
				91DC21A72A459C3B00B40316 /* Preview Assets.xcassets in Resources */,
				91DC21A42A459C3B00B40316 /* Assets.xcassets in Resources */,
			);
			runOnlyForDeploymentPostprocessing = 0;
		};
/* End PBXResourcesBuildPhase section */

/* Begin PBXSourcesBuildPhase section */
		91DC21982A459C3A00B40316 /* Sources */ = {
			isa = PBXSourcesBuildPhase;
			buildActionMask = 2147483647;
			files = (
				915436BA2A573A590010097F /* PinView.swift in Sources */,
				914FAC602A5887C400615134 /* CircleLoaderView.swift in Sources */,
				91DC21AE2A45B33E00B40316 /* ConfettiView.swift in Sources */,
				91F048102A55D8C4002416E6 /* SyncSpinner.swift in Sources */,
				91DC21A22A459C3A00B40316 /* ContentView.swift in Sources */,
				91DC21A02A459C3A00B40316 /* animation_connectApp.swift in Sources */,
				910FEBBD2A719D4800A58D87 /* CircleGun.swift in Sources */,
				91A5EAFB2A5B2186001E0070 /* SilentModeView.swift in Sources */,
				919A22332A5C71D200719768 /* SkypeView.swift in Sources */,
				91C8F0152A685A8C0016F8A5 /* MenuCrossView.swift in Sources */,
				914220592A5034F100B27C40 /* VoiceRecordingView.swift in Sources */,
				91387A012A52D30200BA266F /* RingAnimationView.swift in Sources */,
				911C5F242A518FA200515D7F /* PackmanView.swift in Sources */,
				91559AB62A5DE7F800200EAA /* LocationView.swift in Sources */,
				916E56F62A54837D00BD3B0D /* XYZRotationView.swift in Sources */,
				91C8F0182A686BA50016F8A5 /* VerticalWaveLoader.swift in Sources */,
				91C8F0122A6850FE0016F8A5 /* SunView.swift in Sources */,
				91DC21B12A45FD2300B40316 /* ConfeetiAnimation.swift in Sources */,
			);
			runOnlyForDeploymentPostprocessing = 0;
		};
/* End PBXSourcesBuildPhase section */

/* Begin XCBuildConfiguration section */
		91DC21A82A459C3B00B40316 /* Debug */ = {
			isa = XCBuildConfiguration;
			buildSettings = {
				ALWAYS_SEARCH_USER_PATHS = NO;
				ASSETCATALOG_COMPILER_GENERATE_SWIFT_ASSET_SYMBOL_EXTENSIONS = YES;
				CLANG_ANALYZER_NONNULL = YES;
				CLANG_ANALYZER_NUMBER_OBJECT_CONVERSION = YES_AGGRESSIVE;
				CLANG_CXX_LANGUAGE_STANDARD = "gnu++20";
				CLANG_ENABLE_MODULES = YES;
				CLANG_ENABLE_OBJC_ARC = YES;
				CLANG_ENABLE_OBJC_WEAK = YES;
				CLANG_WARN_BLOCK_CAPTURE_AUTORELEASING = YES;
				CLANG_WARN_BOOL_CONVERSION = YES;
				CLANG_WARN_COMMA = YES;
				CLANG_WARN_CONSTANT_CONVERSION = YES;
				CLANG_WARN_DEPRECATED_OBJC_IMPLEMENTATIONS = YES;
				CLANG_WARN_DIRECT_OBJC_ISA_USAGE = YES_ERROR;
				CLANG_WARN_DOCUMENTATION_COMMENTS = YES;
				CLANG_WARN_EMPTY_BODY = YES;
				CLANG_WARN_ENUM_CONVERSION = YES;
				CLANG_WARN_INFINITE_RECURSION = YES;
				CLANG_WARN_INT_CONVERSION = YES;
				CLANG_WARN_NON_LITERAL_NULL_CONVERSION = YES;
				CLANG_WARN_OBJC_IMPLICIT_RETAIN_SELF = YES;
				CLANG_WARN_OBJC_LITERAL_CONVERSION = YES;
				CLANG_WARN_OBJC_ROOT_CLASS = YES_ERROR;
				CLANG_WARN_QUOTED_INCLUDE_IN_FRAMEWORK_HEADER = YES;
				CLANG_WARN_RANGE_LOOP_ANALYSIS = YES;
				CLANG_WARN_STRICT_PROTOTYPES = YES;
				CLANG_WARN_SUSPICIOUS_MOVE = YES;
				CLANG_WARN_UNGUARDED_AVAILABILITY = YES_AGGRESSIVE;
				CLANG_WARN_UNREACHABLE_CODE = YES;
				CLANG_WARN__DUPLICATE_METHOD_MATCH = YES;
				COPY_PHASE_STRIP = NO;
				DEBUG_INFORMATION_FORMAT = dwarf;
				ENABLE_STRICT_OBJC_MSGSEND = YES;
				ENABLE_TESTABILITY = YES;
				ENABLE_USER_SCRIPT_SANDBOXING = YES;
				GCC_C_LANGUAGE_STANDARD = gnu17;
				GCC_DYNAMIC_NO_PIC = NO;
				GCC_NO_COMMON_BLOCKS = YES;
				GCC_OPTIMIZATION_LEVEL = 0;
				GCC_PREPROCESSOR_DEFINITIONS = (
					"DEBUG=1",
					"$(inherited)",
				);
				GCC_WARN_64_TO_32_BIT_CONVERSION = YES;
				GCC_WARN_ABOUT_RETURN_TYPE = YES_ERROR;
				GCC_WARN_UNDECLARED_SELECTOR = YES;
				GCC_WARN_UNINITIALIZED_AUTOS = YES_AGGRESSIVE;
				GCC_WARN_UNUSED_FUNCTION = YES;
				GCC_WARN_UNUSED_VARIABLE = YES;
				IPHONEOS_DEPLOYMENT_TARGET = 17.0;
				LOCALIZATION_PREFERS_STRING_CATALOGS = YES;
				MTL_ENABLE_DEBUG_INFO = INCLUDE_SOURCE;
				MTL_FAST_MATH = YES;
				ONLY_ACTIVE_ARCH = YES;
				SDKROOT = iphoneos;
				SWIFT_ACTIVE_COMPILATION_CONDITIONS = "DEBUG $(inherited)";
				SWIFT_OPTIMIZATION_LEVEL = "-Onone";
			};
			name = Debug;
		};
		91DC21A92A459C3B00B40316 /* Release */ = {
			isa = XCBuildConfiguration;
			buildSettings = {
				ALWAYS_SEARCH_USER_PATHS = NO;
				ASSETCATALOG_COMPILER_GENERATE_SWIFT_ASSET_SYMBOL_EXTENSIONS = YES;
				CLANG_ANALYZER_NONNULL = YES;
				CLANG_ANALYZER_NUMBER_OBJECT_CONVERSION = YES_AGGRESSIVE;
				CLANG_CXX_LANGUAGE_STANDARD = "gnu++20";
				CLANG_ENABLE_MODULES = YES;
				CLANG_ENABLE_OBJC_ARC = YES;
				CLANG_ENABLE_OBJC_WEAK = YES;
				CLANG_WARN_BLOCK_CAPTURE_AUTORELEASING = YES;
				CLANG_WARN_BOOL_CONVERSION = YES;
				CLANG_WARN_COMMA = YES;
				CLANG_WARN_CONSTANT_CONVERSION = YES;
				CLANG_WARN_DEPRECATED_OBJC_IMPLEMENTATIONS = YES;
				CLANG_WARN_DIRECT_OBJC_ISA_USAGE = YES_ERROR;
				CLANG_WARN_DOCUMENTATION_COMMENTS = YES;
				CLANG_WARN_EMPTY_BODY = YES;
				CLANG_WARN_ENUM_CONVERSION = YES;
				CLANG_WARN_INFINITE_RECURSION = YES;
				CLANG_WARN_INT_CONVERSION = YES;
				CLANG_WARN_NON_LITERAL_NULL_CONVERSION = YES;
				CLANG_WARN_OBJC_IMPLICIT_RETAIN_SELF = YES;
				CLANG_WARN_OBJC_LITERAL_CONVERSION = YES;
				CLANG_WARN_OBJC_ROOT_CLASS = YES_ERROR;
				CLANG_WARN_QUOTED_INCLUDE_IN_FRAMEWORK_HEADER = YES;
				CLANG_WARN_RANGE_LOOP_ANALYSIS = YES;
				CLANG_WARN_STRICT_PROTOTYPES = YES;
				CLANG_WARN_SUSPICIOUS_MOVE = YES;
				CLANG_WARN_UNGUARDED_AVAILABILITY = YES_AGGRESSIVE;
				CLANG_WARN_UNREACHABLE_CODE = YES;
				CLANG_WARN__DUPLICATE_METHOD_MATCH = YES;
				COPY_PHASE_STRIP = NO;
				DEBUG_INFORMATION_FORMAT = "dwarf-with-dsym";
				ENABLE_NS_ASSERTIONS = NO;
				ENABLE_STRICT_OBJC_MSGSEND = YES;
				ENABLE_USER_SCRIPT_SANDBOXING = YES;
				GCC_C_LANGUAGE_STANDARD = gnu17;
				GCC_NO_COMMON_BLOCKS = YES;
				GCC_WARN_64_TO_32_BIT_CONVERSION = YES;
				GCC_WARN_ABOUT_RETURN_TYPE = YES_ERROR;
				GCC_WARN_UNDECLARED_SELECTOR = YES;
				GCC_WARN_UNINITIALIZED_AUTOS = YES_AGGRESSIVE;
				GCC_WARN_UNUSED_FUNCTION = YES;
				GCC_WARN_UNUSED_VARIABLE = YES;
				IPHONEOS_DEPLOYMENT_TARGET = 17.0;
				LOCALIZATION_PREFERS_STRING_CATALOGS = YES;
				MTL_ENABLE_DEBUG_INFO = NO;
				MTL_FAST_MATH = YES;
				SDKROOT = iphoneos;
				SWIFT_COMPILATION_MODE = wholemodule;
				VALIDATE_PRODUCT = YES;
			};
			name = Release;
		};
		91DC21AB2A459C3B00B40316 /* Debug */ = {
			isa = XCBuildConfiguration;
			buildSettings = {
				ASSETCATALOG_COMPILER_APPICON_NAME = AppIcon;
				ASSETCATALOG_COMPILER_GLOBAL_ACCENT_COLOR_NAME = AccentColor;
				CODE_SIGN_STYLE = Automatic;
				CURRENT_PROJECT_VERSION = 1;
				DEVELOPMENT_ASSET_PATHS = "\"animation.connect/Preview Content\"";
				ENABLE_PREVIEWS = YES;
				GENERATE_INFOPLIST_FILE = YES;
				INFOPLIST_KEY_UIApplicationSceneManifest_Generation = YES;
				INFOPLIST_KEY_UIApplicationSupportsIndirectInputEvents = YES;
				INFOPLIST_KEY_UILaunchScreen_Generation = YES;
				INFOPLIST_KEY_UISupportedInterfaceOrientations_iPad = "UIInterfaceOrientationPortrait UIInterfaceOrientationPortraitUpsideDown UIInterfaceOrientationLandscapeLeft UIInterfaceOrientationLandscapeRight";
				INFOPLIST_KEY_UISupportedInterfaceOrientations_iPhone = "UIInterfaceOrientationPortrait UIInterfaceOrientationLandscapeLeft UIInterfaceOrientationLandscapeRight";
				IPHONEOS_DEPLOYMENT_TARGET = 17.0;
				LD_RUNPATH_SEARCH_PATHS = (
					"$(inherited)",
					"@executable_path/Frameworks",
				);
				MARKETING_VERSION = 1.0;
				PRODUCT_BUNDLE_IDENTIFIER = "com.app.animation-connect";
				PRODUCT_NAME = "$(TARGET_NAME)";
				SWIFT_EMIT_LOC_STRINGS = YES;
				SWIFT_VERSION = 5.0;
				TARGETED_DEVICE_FAMILY = "1,2";
			};
			name = Debug;
		};
		91DC21AC2A459C3B00B40316 /* Release */ = {
			isa = XCBuildConfiguration;
			buildSettings = {
				ASSETCATALOG_COMPILER_APPICON_NAME = AppIcon;
				ASSETCATALOG_COMPILER_GLOBAL_ACCENT_COLOR_NAME = AccentColor;
				CODE_SIGN_STYLE = Automatic;
				CURRENT_PROJECT_VERSION = 1;
				DEVELOPMENT_ASSET_PATHS = "\"animation.connect/Preview Content\"";
				ENABLE_PREVIEWS = YES;
				GENERATE_INFOPLIST_FILE = YES;
				INFOPLIST_KEY_UIApplicationSceneManifest_Generation = YES;
				INFOPLIST_KEY_UIApplicationSupportsIndirectInputEvents = YES;
				INFOPLIST_KEY_UILaunchScreen_Generation = YES;
				INFOPLIST_KEY_UISupportedInterfaceOrientations_iPad = "UIInterfaceOrientationPortrait UIInterfaceOrientationPortraitUpsideDown UIInterfaceOrientationLandscapeLeft UIInterfaceOrientationLandscapeRight";
				INFOPLIST_KEY_UISupportedInterfaceOrientations_iPhone = "UIInterfaceOrientationPortrait UIInterfaceOrientationLandscapeLeft UIInterfaceOrientationLandscapeRight";
				IPHONEOS_DEPLOYMENT_TARGET = 17.0;
				LD_RUNPATH_SEARCH_PATHS = (
					"$(inherited)",
					"@executable_path/Frameworks",
				);
				MARKETING_VERSION = 1.0;
				PRODUCT_BUNDLE_IDENTIFIER = "com.app.animation-connect";
				PRODUCT_NAME = "$(TARGET_NAME)";
				SWIFT_EMIT_LOC_STRINGS = YES;
				SWIFT_VERSION = 5.0;
				TARGETED_DEVICE_FAMILY = "1,2";
			};
			name = Release;
		};
/* End XCBuildConfiguration section */

/* Begin XCConfigurationList section */
		91DC21972A459C3A00B40316 /* Build configuration list for PBXProject "animation.connect" */ = {
			isa = XCConfigurationList;
			buildConfigurations = (
				91DC21A82A459C3B00B40316 /* Debug */,
				91DC21A92A459C3B00B40316 /* Release */,
			);
			defaultConfigurationIsVisible = 0;
			defaultConfigurationName = Release;
		};
		91DC21AA2A459C3B00B40316 /* Build configuration list for PBXNativeTarget "animation.connect" */ = {
			isa = XCConfigurationList;
			buildConfigurations = (
				91DC21AB2A459C3B00B40316 /* Debug */,
				91DC21AC2A459C3B00B40316 /* Release */,
			);
			defaultConfigurationIsVisible = 0;
			defaultConfigurationName = Release;
		};
/* End XCConfigurationList section */
	};
	rootObject = 91DC21942A459C3A00B40316 /* Project object */;
}
